// !$*UTF8*$!
{
	archiveVersion = 1;
	classes = {
	};
	objectVersion = 50;
	objects = {

/* Begin PBXBuildFile section */
		F45F8C76208FD5F500AFB3D9 /* AppDelegate.swift in Sources */ = {isa = PBXBuildFile; fileRef = F45F8C75208FD5F500AFB3D9 /* AppDelegate.swift */; };
		F45F8C7B208FD5F500AFB3D9 /* Main.storyboard in Resources */ = {isa = PBXBuildFile; fileRef = F45F8C79208FD5F500AFB3D9 /* Main.storyboard */; };
		F45F8C80208FD5F500AFB3D9 /* LaunchScreen.storyboard in Resources */ = {isa = PBXBuildFile; fileRef = F45F8C7E208FD5F500AFB3D9 /* LaunchScreen.storyboard */; };
		F45F8C8B208FD65D00AFB3D9 /* welcome.swift in Sources */ = {isa = PBXBuildFile; fileRef = F45F8C8A208FD65D00AFB3D9 /* welcome.swift */; };
		F45F8C8D208FD6CD00AFB3D9 /* login.swift in Sources */ = {isa = PBXBuildFile; fileRef = F45F8C8C208FD6CD00AFB3D9 /* login.swift */; };
		F45F8C90208FD6EA00AFB3D9 /* register.swift in Sources */ = {isa = PBXBuildFile; fileRef = F45F8C8F208FD6EA00AFB3D9 /* register.swift */; };
		F45F8C92208FD6F600AFB3D9 /* home.swift in Sources */ = {isa = PBXBuildFile; fileRef = F45F8C91208FD6F600AFB3D9 /* home.swift */; };
		F4A4B3DA2090366700801DC6 /* song.mp3 in Resources */ = {isa = PBXBuildFile; fileRef = F4A4B3D92090366600801DC6 /* song.mp3 */; };
/* End PBXBuildFile section */

/* Begin PBXFileReference section */
		F45F8C72208FD5F500AFB3D9 /* login.app */ = {isa = PBXFileReference; explicitFileType = wrapper.application; includeInIndex = 0; path = login.app; sourceTree = BUILT_PRODUCTS_DIR; };
		F45F8C75208FD5F500AFB3D9 /* AppDelegate.swift */ = {isa = PBXFileReference; lastKnownFileType = sourcecode.swift; path = AppDelegate.swift; sourceTree = "<group>"; };
		F45F8C7A208FD5F500AFB3D9 /* Base */ = {isa = PBXFileReference; lastKnownFileType = file.storyboard; name = Base; path = Base.lproj/Main.storyboard; sourceTree = "<group>"; };
		F45F8C7C208FD5F500AFB3D9 /* Assets.xcassets */ = {isa = PBXFileReference; lastKnownFileType = folder.assetcatalog; path = Assets.xcassets; sourceTree = "<group>"; };
		F45F8C7F208FD5F500AFB3D9 /* Base */ = {isa = PBXFileReference; lastKnownFileType = file.storyboard; name = Base; path = Base.lproj/LaunchScreen.storyboard; sourceTree = "<group>"; };
		F45F8C81208FD5F500AFB3D9 /* Info.plist */ = {isa = PBXFileReference; lastKnownFileType = text.plist.xml; path = Info.plist; sourceTree = "<group>"; };
		F45F8C8A208FD65D00AFB3D9 /* welcome.swift */ = {isa = PBXFileReference; lastKnownFileType = sourcecode.swift; path = welcome.swift; sourceTree = "<group>"; };
		F45F8C8C208FD6CD00AFB3D9 /* login.swift */ = {isa = PBXFileReference; lastKnownFileType = sourcecode.swift; path = login.swift; sourceTree = "<group>"; };
		F45F8C8F208FD6EA00AFB3D9 /* register.swift */ = {isa = PBXFileReference; lastKnownFileType = sourcecode.swift; path = register.swift; sourceTree = "<group>"; };
		F45F8C91208FD6F600AFB3D9 /* home.swift */ = {isa = PBXFileReference; lastKnownFileType = sourcecode.swift; path = home.swift; sourceTree = "<group>"; };
		F4A4B3D92090366600801DC6 /* song.mp3 */ = {isa = PBXFileReference; lastKnownFileType = audio.mp3; name = song.mp3; path = ../../../../Desktop/song.mp3; sourceTree = "<group>"; };
/* End PBXFileReference section */

/* Begin PBXFrameworksBuildPhase section */
		F45F8C6F208FD5F500AFB3D9 /* Frameworks */ = {
			isa = PBXFrameworksBuildPhase;
			buildActionMask = 2147483647;
			files = (
			);
			runOnlyForDeploymentPostprocessing = 0;
		};
/* End PBXFrameworksBuildPhase section */

/* Begin PBXGroup section */
		F45F8C69208FD5F500AFB3D9 = {
			isa = PBXGroup;
			children = (
				F45F8C74208FD5F500AFB3D9 /* login */,
				F45F8C73208FD5F500AFB3D9 /* Products */,
			);
			sourceTree = "<group>";
		};
		F45F8C73208FD5F500AFB3D9 /* Products */ = {
			isa = PBXGroup;
			children = (
				F45F8C72208FD5F500AFB3D9 /* login.app */,
			);
			name = Products;
			sourceTree = "<group>";
		};
		F45F8C74208FD5F500AFB3D9 /* login */ = {
			isa = PBXGroup;
			children = (
				F45F8C89208FD62A00AFB3D9 /* controller */,
				F45F8C88208FD62500AFB3D9 /* model */,
				F45F8C87208FD61E00AFB3D9 /* view */,
				F45F8C75208FD5F500AFB3D9 /* AppDelegate.swift */,
				F45F8C79208FD5F500AFB3D9 /* Main.storyboard */,
				F45F8C7C208FD5F500AFB3D9 /* Assets.xcassets */,
				F4A4B3D92090366600801DC6 /* song.mp3 */,
				F45F8C7E208FD5F500AFB3D9 /* LaunchScreen.storyboard */,
				F45F8C81208FD5F500AFB3D9 /* Info.plist */,
			);
			path = login;
			sourceTree = "<group>";
		};
		F45F8C87208FD61E00AFB3D9 /* view */ = {
			isa = PBXGroup;
			children = (
			);
			path = view;
			sourceTree = "<group>";
		};
		F45F8C88208FD62500AFB3D9 /* model */ = {
			isa = PBXGroup;
			children = (
			);
			path = model;
			sourceTree = "<group>";
		};
		F45F8C89208FD62A00AFB3D9 /* controller */ = {
			isa = PBXGroup;
			children = (
				F45F8C8A208FD65D00AFB3D9 /* welcome.swift */,
				F45F8C8C208FD6CD00AFB3D9 /* login.swift */,
				F45F8C8F208FD6EA00AFB3D9 /* register.swift */,
				F45F8C91208FD6F600AFB3D9 /* home.swift */,
			);
			path = controller;
			sourceTree = "<group>";
		};
/* End PBXGroup section */

/* Begin PBXNativeTarget section */
		F45F8C71208FD5F500AFB3D9 /* login */ = {
			isa = PBXNativeTarget;
			buildConfigurationList = F45F8C84208FD5F500AFB3D9 /* Build configuration list for PBXNativeTarget "login" */;
			buildPhases = (
				F45F8C6E208FD5F500AFB3D9 /* Sources */,
				F45F8C6F208FD5F500AFB3D9 /* Frameworks */,
				F45F8C70208FD5F500AFB3D9 /* Resources */,
			);
			buildRules = (
			);
			dependencies = (
			);
			name = login;
			productName = login;
			productReference = F45F8C72208FD5F500AFB3D9 /* login.app */;
			productType = "com.apple.product-type.application";
		};
/* End PBXNativeTarget section */

/* Begin PBXProject section */
		F45F8C6A208FD5F500AFB3D9 /* Project object */ = {
			isa = PBXProject;
			attributes = {
				LastSwiftUpdateCheck = 0930;
				LastUpgradeCheck = 0930;
				ORGANIZATIONNAME = "Michael Ng Cen";
				TargetAttributes = {
					F45F8C71208FD5F500AFB3D9 = {
						CreatedOnToolsVersion = 9.3;
					};
				};
			};
			buildConfigurationList = F45F8C6D208FD5F500AFB3D9 /* Build configuration list for PBXProject "login" */;
			compatibilityVersion = "Xcode 9.3";
			developmentRegion = en;
			hasScannedForEncodings = 0;
			knownRegions = (
				en,
				Base,
			);
			mainGroup = F45F8C69208FD5F500AFB3D9;
			productRefGroup = F45F8C73208FD5F500AFB3D9 /* Products */;
			projectDirPath = "";
			projectRoot = "";
			targets = (
				F45F8C71208FD5F500AFB3D9 /* login */,
			);
		};
/* End PBXProject section */

/* Begin PBXResourcesBuildPhase section */
		F45F8C70208FD5F500AFB3D9 /* Resources */ = {
			isa = PBXResourcesBuildPhase;
			buildActionMask = 2147483647;
			files = (
				F45F8C80208FD5F500AFB3D9 /* LaunchScreen.storyboard in Resources */,
				F45F8C7B208FD5F500AFB3D9 /* Main.storyboard in Resources */,
				F4A4B3DA2090366700801DC6 /* song.mp3 in Resources */,
			);
			runOnlyForDeploymentPostprocessing = 0;
		};
/* End PBXResourcesBuildPhase section */

/* Begin PBXSourcesBuildPhase section */
		F45F8C6E208FD5F500AFB3D9 /* Sources */ = {
			isa = PBXSourcesBuildPhase;
			buildActionMask = 2147483647;
			files = (
				F45F8C8B208FD65D00AFB3D9 /* welcome.swift in Sources */,
				F45F8C8D208FD6CD00AFB3D9 /* login.swift in Sources */,
				F45F8C90208FD6EA00AFB3D9 /* register.swift in Sources */,
				F45F8C92208FD6F600AFB3D9 /* home.swift in Sources */,
				F45F8C76208FD5F500AFB3D9 /* AppDelegate.swift in Sources */,
			);
			runOnlyForDeploymentPostprocessing = 0;
		};
/* End PBXSourcesBuildPhase section */

/* Begin PBXVariantGroup section */
		F45F8C79208FD5F500AFB3D9 /* Main.storyboard */ = {
			isa = PBXVariantGroup;
			children = (
				F45F8C7A208FD5F500AFB3D9 /* Base */,
			);
			name = Main.storyboard;
			sourceTree = "<group>";
		};
		F45F8C7E208FD5F500AFB3D9 /* LaunchScreen.storyboard */ = {
			isa = PBXVariantGroup;
			children = (
				F45F8C7F208FD5F500AFB3D9 /* Base */,
			);
			name = LaunchScreen.storyboard;
			sourceTree = "<group>";
		};
/* End PBXVariantGroup section */

/* Begin XCBuildConfiguration section */
		F45F8C82208FD5F500AFB3D9 /* Debug */ = {
			isa = XCBuildConfiguration;
			buildSettings = {
				ALWAYS_SEARCH_USER_PATHS = NO;
				CLANG_ANALYZER_NONNULL = YES;
				CLANG_ANALYZER_NUMBER_OBJECT_CONVERSION = YES_AGGRESSIVE;
				CLANG_CXX_LANGUAGE_STANDARD = "gnu++14";
				CLANG_CXX_LIBRARY = "libc++";
				CLANG_ENABLE_MODULES = YES;
				CLANG_ENABLE_OBJC_ARC = YES;
				CLANG_ENABLE_OBJC_WEAK = YES;
				CLANG_WARN_BLOCK_CAPTURE_AUTORELEASING = YES;
				CLANG_WARN_BOOL_CONVERSION = YES;
				CLANG_WARN_COMMA = YES;
				CLANG_WARN_CONSTANT_CONVERSION = YES;
				CLANG_WARN_DEPRECATED_OBJC_IMPLEMENTATIONS = YES;
				CLANG_WARN_DIRECT_OBJC_ISA_USAGE = YES_ERROR;
				CLANG_WARN_DOCUMENTATION_COMMENTS = YES;
				CLANG_WARN_EMPTY_BODY = YES;
				CLANG_WARN_ENUM_CONVERSION = YES;
				CLANG_WARN_INFINITE_RECURSION = YES;
				CLANG_WARN_INT_CONVERSION = YES;
				CLANG_WARN_NON_LITERAL_NULL_CONVERSION = YES;
				CLANG_WARN_OBJC_IMPLICIT_RETAIN_SELF = YES;
				CLANG_WARN_OBJC_LITERAL_CONVERSION = YES;
				CLANG_WARN_OBJC_ROOT_CLASS = YES_ERROR;
				CLANG_WARN_RANGE_LOOP_ANALYSIS = YES;
				CLANG_WARN_STRICT_PROTOTYPES = YES;
				CLANG_WARN_SUSPICIOUS_MOVE = YES;
				CLANG_WARN_UNGUARDED_AVAILABILITY = YES_AGGRESSIVE;
				CLANG_WARN_UNREACHABLE_CODE = YES;
				CLANG_WARN__DUPLICATE_METHOD_MATCH = YES;
				CODE_SIGN_IDENTITY = "iPhone Developer";
				COPY_PHASE_STRIP = NO;
				DEBUG_INFORMATION_FORMAT = dwarf;
				ENABLE_STRICT_OBJC_MSGSEND = YES;
				ENABLE_TESTABILITY = YES;
				GCC_C_LANGUAGE_STANDARD = gnu11;
				GCC_DYNAMIC_NO_PIC = NO;
				GCC_NO_COMMON_BLOCKS = YES;
				GCC_OPTIMIZATION_LEVEL = 0;
				GCC_PREPROCESSOR_DEFINITIONS = (
					"DEBUG=1",
					"$(inherited)",
				);
				GCC_WARN_64_TO_32_BIT_CONVERSION = YES;
				GCC_WARN_ABOUT_RETURN_TYPE = YES_ERROR;
				GCC_WARN_UNDECLARED_SELECTOR = YES;
				GCC_WARN_UNINITIALIZED_AUTOS = YES_AGGRESSIVE;
				GCC_WARN_UNUSED_FUNCTION = YES;
				GCC_WARN_UNUSED_VARIABLE = YES;
				IPHONEOS_DEPLOYMENT_TARGET = 11.3;
				MTL_ENABLE_DEBUG_INFO = YES;
				ONLY_ACTIVE_ARCH = YES;
				SDKROOT = iphoneos;
				SWIFT_ACTIVE_COMPILATION_CONDITIONS = DEBUG;
				SWIFT_OPTIMIZATION_LEVEL = "-Onone";
			};
			name = Debug;
		};
		F45F8C83208FD5F500AFB3D9 /* Release */ = {
			isa = XCBuildConfiguration;
			buildSettings = {
				ALWAYS_SEARCH_USER_PATHS = NO;
				CLANG_ANALYZER_NONNULL = YES;
				CLANG_ANALYZER_NUMBER_OBJECT_CONVERSION = YES_AGGRESSIVE;
				CLANG_CXX_LANGUAGE_STANDARD = "gnu++14";
				CLANG_CXX_LIBRARY = "libc++";
				CLANG_ENABLE_MODULES = YES;
				CLANG_ENABLE_OBJC_ARC = YES;
				CLANG_ENABLE_OBJC_WEAK = YES;
				CLANG_WARN_BLOCK_CAPTURE_AUTORELEASING = YES;
				CLANG_WARN_BOOL_CONVERSION = YES;
				CLANG_WARN_COMMA = YES;
				CLANG_WARN_CONSTANT_CONVERSION = YES;
				CLANG_WARN_DEPRECATED_OBJC_IMPLEMENTATIONS = YES;
				CLANG_WARN_DIRECT_OBJC_ISA_USAGE = YES_ERROR;
				CLANG_WARN_DOCUMENTATION_COMMENTS = YES;
				CLANG_WARN_EMPTY_BODY = YES;
				CLANG_WARN_ENUM_CONVERSION = YES;
				CLANG_WARN_INFINITE_RECURSION = YES;
				CLANG_WARN_INT_CONVERSION = YES;
				CLANG_WARN_NON_LITERAL_NULL_CONVERSION = YES;
				CLANG_WARN_OBJC_IMPLICIT_RETAIN_SELF = YES;
				CLANG_WARN_OBJC_LITERAL_CONVERSION = YES;
				CLANG_WARN_OBJC_ROOT_CLASS = YES_ERROR;
				CLANG_WARN_RANGE_LOOP_ANALYSIS = YES;
				CLANG_WARN_STRICT_PROTOTYPES = YES;
				CLANG_WARN_SUSPICIOUS_MOVE = YES;
				CLANG_WARN_UNGUARDED_AVAILABILITY = YES_AGGRESSIVE;
				CLANG_WARN_UNREACHABLE_CODE = YES;
				CLANG_WARN__DUPLICATE_METHOD_MATCH = YES;
				CODE_SIGN_IDENTITY = "iPhone Developer";
				COPY_PHASE_STRIP = NO;
				DEBUG_INFORMATION_FORMAT = "dwarf-with-dsym";
				ENABLE_NS_ASSERTIONS = NO;
				ENABLE_STRICT_OBJC_MSGSEND = YES;
				GCC_C_LANGUAGE_STANDARD = gnu11;
				GCC_NO_COMMON_BLOCKS = YES;
				GCC_WARN_64_TO_32_BIT_CONVERSION = YES;
				GCC_WARN_ABOUT_RETURN_TYPE = YES_ERROR;
				GCC_WARN_UNDECLARED_SELECTOR = YES;
				GCC_WARN_UNINITIALIZED_AUTOS = YES_AGGRESSIVE;
				GCC_WARN_UNUSED_FUNCTION = YES;
				GCC_WARN_UNUSED_VARIABLE = YES;
				IPHONEOS_DEPLOYMENT_TARGET = 11.3;
				MTL_ENABLE_DEBUG_INFO = NO;
				SDKROOT = iphoneos;
				SWIFT_COMPILATION_MODE = wholemodule;
				SWIFT_OPTIMIZATION_LEVEL = "-O";
				VALIDATE_PRODUCT = YES;
			};
			name = Release;
		};
		F45F8C85208FD5F500AFB3D9 /* Debug */ = {
			isa = XCBuildConfiguration;
			buildSettings = {
				ASSETCATALOG_COMPILER_APPICON_NAME = AppIcon;
				CODE_SIGN_STYLE = Automatic;
				INFOPLIST_FILE = login/Info.plist;
				LD_RUNPATH_SEARCH_PATHS = (
					"$(inherited)",
					"@executable_path/Frameworks",
				);
				PRODUCT_BUNDLE_IDENTIFIER = com.michael.login;
				PRODUCT_NAME = "$(TARGET_NAME)";
				SWIFT_VERSION = 4.0;
				TARGETED_DEVICE_FAMILY = "1,2";
			};
			name = Debug;
		};
		F45F8C86208FD5F500AFB3D9 /* Release */ = {
			isa = XCBuildConfiguration;
			buildSettings = {
				ASSETCATALOG_COMPILER_APPICON_NAME = AppIcon;
				CODE_SIGN_STYLE = Automatic;
				INFOPLIST_FILE = login/Info.plist;
				LD_RUNPATH_SEARCH_PATHS = (
					"$(inherited)",
					"@executable_path/Frameworks",
				);
				PRODUCT_BUNDLE_IDENTIFIER = com.michael.login;
				PRODUCT_NAME = "$(TARGET_NAME)";
				SWIFT_VERSION = 4.0;
				TARGETED_DEVICE_FAMILY = "1,2";
			};
			name = Release;
		};
/* End XCBuildConfiguration section */

/* Begin XCConfigurationList section */
		F45F8C6D208FD5F500AFB3D9 /* Build configuration list for PBXProject "login" */ = {
			isa = XCConfigurationList;
			buildConfigurations = (
				F45F8C82208FD5F500AFB3D9 /* Debug */,
				F45F8C83208FD5F500AFB3D9 /* Release */,
			);
			defaultConfigurationIsVisible = 0;
			defaultConfigurationName = Release;
		};
		F45F8C84208FD5F500AFB3D9 /* Build configuration list for PBXNativeTarget "login" */ = {
			isa = XCConfigurationList;
			buildConfigurations = (
				F45F8C85208FD5F500AFB3D9 /* Debug */,
				F45F8C86208FD5F500AFB3D9 /* Release */,
			);
			defaultConfigurationIsVisible = 0;
			defaultConfigurationName = Release;
		};
/* End XCConfigurationList section */
	};
	rootObject = F45F8C6A208FD5F500AFB3D9 /* Project object */;
}
